
Microsoft Visual Studio Solution File, Format Version 12.00
# Visual Studio Version 17
VisualStudioVersion = 17.4.33110.190
MinimumVisualStudioVersion = 10.0.40219.1
Project("{FAE04EC0-301F-11D3-BF4B-00C04F79EFBC}") = "HomeWork_42", "HomeWork_42\HomeWork_42.csproj", "{2D48FC37-6286-4AD8-97C1-040A976FC9B6}"
EndProject
Global
	GlobalSection(SolutionConfigurationPlatforms) = preSolution
		Debug|Any CPU = Debug|Any CPU
		Release|Any CPU = Release|Any CPU
	EndGlobalSection
	GlobalSection(ProjectConfigurationPlatforms) = postSolution
		{2D48FC37-6286-4AD8-97C1-040A976FC9B6}.Debug|Any CPU.ActiveCfg = Debug|Any CPU
		{2D48FC37-6286-4AD8-97C1-040A976FC9B6}.Debug|Any CPU.Build.0 = Debug|Any CPU
		{2D48FC37-6286-4AD8-97C1-040A976FC9B6}.Release|Any CPU.ActiveCfg = Release|Any CPU
		{2D48FC37-6286-4AD8-97C1-040A976FC9B6}.Release|Any CPU.Build.0 = Release|Any CPU
	EndGlobalSection
	GlobalSection(SolutionProperties) = preSolution
		HideSolutionNode = FALSE
	EndGlobalSection
	GlobalSection(ExtensibilityGlobals) = postSolution
		SolutionGuid = {C0996F25-EBA1-410F-94C4-15B48B0CC1A6}
	EndGlobalSection
EndGlobal
